
Microsoft Visual Studio Solution File, Format Version 12.00
# Visual Studio Version 16
VisualStudioVersion = 16.0.29201.188
MinimumVisualStudioVersion = 10.0.40219.1
Project("{FAE04EC0-301F-11D3-BF4B-00C04F79EFBC}") = "web1", "web1\web1.csproj", "{7ADD9F8D-0D2A-435F-BA0A-CA917E20F370}"
EndProject
Global
	GlobalSection(SolutionConfigurationPlatforms) = preSolution
		Debug|Any CPU = Debug|Any CPU
		Release|Any CPU = Release|Any CPU
	EndGlobalSection
	GlobalSection(ProjectConfigurationPlatforms) = postSolution
		{7ADD9F8D-0D2A-435F-BA0A-CA917E20F370}.Debug|Any CPU.ActiveCfg = Debug|Any CPU
		{7ADD9F8D-0D2A-435F-BA0A-CA917E20F370}.Debug|Any CPU.Build.0 = Debug|Any CPU
		{7ADD9F8D-0D2A-435F-BA0A-CA917E20F370}.Release|Any CPU.ActiveCfg = Release|Any CPU
		{7ADD9F8D-0D2A-435F-BA0A-CA917E20F370}.Release|Any CPU.Build.0 = Release|Any CPU
	EndGlobalSection
	GlobalSection(SolutionProperties) = preSolution
		HideSolutionNode = FALSE
	EndGlobalSection
	GlobalSection(ExtensibilityGlobals) = postSolution
		SolutionGuid = {B4900D45-1BAE-4598-A3F0-007E8E0D9CD2}
	EndGlobalSection
EndGlobal
